
Microsoft Visual Studio Solution File, Format Version 12.00
# Visual Studio Version 17
VisualStudioVersion = 17.2.32630.192
MinimumVisualStudioVersion = 10.0.40219.1
Project("{9A19103F-16F7-4668-BE54-9A1E7A4F7556}") = "UlearnTodoTimer", "UlearnTodoTimer.csproj", "{FD3A5077-0958-4997-A371-2BD584261D83}"
EndProject
Global
	GlobalSection(SolutionConfigurationPlatforms) = preSolution
		Debug|Any CPU = Debug|Any CPU
		Release|Any CPU = Release|Any CPU
	EndGlobalSection
	GlobalSection(ProjectConfigurationPlatforms) = postSolution
		{FD3A5077-0958-4997-A371-2BD584261D83}.Debug|Any CPU.ActiveCfg = Debug|Any CPU
		{FD3A5077-0958-4997-A371-2BD584261D83}.Debug|Any CPU.Build.0 = Debug|Any CPU
		{FD3A5077-0958-4997-A371-2BD584261D83}.Release|Any CPU.ActiveCfg = Release|Any CPU
		{FD3A5077-0958-4997-A371-2BD584261D83}.Release|Any CPU.Build.0 = Release|Any CPU
	EndGlobalSection
	GlobalSection(SolutionProperties) = preSolution
		HideSolutionNode = FALSE
	EndGlobalSection
	GlobalSection(ExtensibilityGlobals) = postSolution
		SolutionGuid = {CEAC4712-455F-4109-BBCF-597F7494DCE7}
	EndGlobalSection
EndGlobal
